// !$*UTF8*$!
{
	archiveVersion = 1;
	classes = {
	};
	objectVersion = 46;
	objects = {

/* Begin PBXBuildFile section */
		F9871964204AF296006F6B5E /* Course.swift in Sources */ = {isa = PBXBuildFile; fileRef = F9871963204AF296006F6B5E /* Course.swift */; };
		F9871966204AF4DF006F6B5E /* CourseTableViewCell.swift in Sources */ = {isa = PBXBuildFile; fileRef = F9871965204AF4DF006F6B5E /* CourseTableViewCell.swift */; };
		F9871968204AF602006F6B5E /* CourseTableViewController.swift in Sources */ = {isa = PBXBuildFile; fileRef = F9871967204AF602006F6B5E /* CourseTableViewController.swift */; };
		F987196A204AFA07006F6B5E /* InputViewController.swift in Sources */ = {isa = PBXBuildFile; fileRef = F9871969204AFA07006F6B5E /* InputViewController.swift */; };
		F987196E204C4D4C006F6B5E /* FirstTableViewController.swift in Sources */ = {isa = PBXBuildFile; fileRef = F987196D204C4D4C006F6B5E /* FirstTableViewController.swift */; };
		F9871970204C4E5D006F6B5E /* FirstTableViewCell.swift in Sources */ = {isa = PBXBuildFile; fileRef = F987196F204C4E5D006F6B5E /* FirstTableViewCell.swift */; };
		F99B7FA920478BDE00F82719 /* AppDelegate.swift in Sources */ = {isa = PBXBuildFile; fileRef = F99B7FA820478BDE00F82719 /* AppDelegate.swift */; };
		F99B7FAB20478BDE00F82719 /* FirstViewController.swift in Sources */ = {isa = PBXBuildFile; fileRef = F99B7FAA20478BDE00F82719 /* FirstViewController.swift */; };
		F99B7FB020478BDE00F82719 /* Main.storyboard in Resources */ = {isa = PBXBuildFile; fileRef = F99B7FAE20478BDE00F82719 /* Main.storyboard */; };
		F99B7FB220478BDE00F82719 /* Assets.xcassets in Resources */ = {isa = PBXBuildFile; fileRef = F99B7FB120478BDE00F82719 /* Assets.xcassets */; };
		F99B7FB520478BDE00F82719 /* LaunchScreen.storyboard in Resources */ = {isa = PBXBuildFile; fileRef = F99B7FB320478BDE00F82719 /* LaunchScreen.storyboard */; };
/* End PBXBuildFile section */

/* Begin PBXFileReference section */
		F9871963204AF296006F6B5E /* Course.swift */ = {isa = PBXFileReference; fileEncoding = 4; lastKnownFileType = sourcecode.swift; path = Course.swift; sourceTree = "<group>"; };
		F9871965204AF4DF006F6B5E /* CourseTableViewCell.swift */ = {isa = PBXFileReference; fileEncoding = 4; lastKnownFileType = sourcecode.swift; path = CourseTableViewCell.swift; sourceTree = "<group>"; };
		F9871967204AF602006F6B5E /* CourseTableViewController.swift */ = {isa = PBXFileReference; fileEncoding = 4; lastKnownFileType = sourcecode.swift; path = CourseTableViewController.swift; sourceTree = "<group>"; };
		F9871969204AFA07006F6B5E /* InputViewController.swift */ = {isa = PBXFileReference; fileEncoding = 4; lastKnownFileType = sourcecode.swift; path = InputViewController.swift; sourceTree = "<group>"; };
		F987196D204C4D4C006F6B5E /* FirstTableViewController.swift */ = {isa = PBXFileReference; fileEncoding = 4; lastKnownFileType = sourcecode.swift; path = FirstTableViewController.swift; sourceTree = "<group>"; };
		F987196F204C4E5D006F6B5E /* FirstTableViewCell.swift */ = {isa = PBXFileReference; fileEncoding = 4; lastKnownFileType = sourcecode.swift; path = FirstTableViewCell.swift; sourceTree = "<group>"; };
		F99B7FA520478BDE00F82719 /* Attempt1.app */ = {isa = PBXFileReference; explicitFileType = wrapper.application; includeInIndex = 0; path = Attempt1.app; sourceTree = BUILT_PRODUCTS_DIR; };
		F99B7FA820478BDE00F82719 /* AppDelegate.swift */ = {isa = PBXFileReference; lastKnownFileType = sourcecode.swift; path = AppDelegate.swift; sourceTree = "<group>"; };
		F99B7FAA20478BDE00F82719 /* FirstViewController.swift */ = {isa = PBXFileReference; lastKnownFileType = sourcecode.swift; path = FirstViewController.swift; sourceTree = "<group>"; };
		F99B7FAF20478BDE00F82719 /* Base */ = {isa = PBXFileReference; lastKnownFileType = file.storyboard; name = Base; path = Base.lproj/Main.storyboard; sourceTree = "<group>"; };
		F99B7FB120478BDE00F82719 /* Assets.xcassets */ = {isa = PBXFileReference; lastKnownFileType = folder.assetcatalog; path = Assets.xcassets; sourceTree = "<group>"; };
		F99B7FB420478BDE00F82719 /* Base */ = {isa = PBXFileReference; lastKnownFileType = file.storyboard; name = Base; path = Base.lproj/LaunchScreen.storyboard; sourceTree = "<group>"; };
		F99B7FB620478BDE00F82719 /* Info.plist */ = {isa = PBXFileReference; lastKnownFileType = text.plist.xml; path = Info.plist; sourceTree = "<group>"; };
/* End PBXFileReference section */

/* Begin PBXFrameworksBuildPhase section */
		F99B7FA220478BDE00F82719 /* Frameworks */ = {
			isa = PBXFrameworksBuildPhase;
			buildActionMask = 2147483647;
			files = (
			);
			runOnlyForDeploymentPostprocessing = 0;
		};
/* End PBXFrameworksBuildPhase section */

/* Begin PBXGroup section */
		F99B7F9C20478BDE00F82719 = {
			isa = PBXGroup;
			children = (
				F99B7FA720478BDE00F82719 /* Attempt1 */,
				F99B7FA620478BDE00F82719 /* Products */,
			);
			sourceTree = "<group>";
		};
		F99B7FA620478BDE00F82719 /* Products */ = {
			isa = PBXGroup;
			children = (
				F99B7FA520478BDE00F82719 /* Attempt1.app */,
			);
			name = Products;
			sourceTree = "<group>";
		};
		F99B7FA720478BDE00F82719 /* Attempt1 */ = {
			isa = PBXGroup;
			children = (
				F99B7FA820478BDE00F82719 /* AppDelegate.swift */,
				F99B7FAA20478BDE00F82719 /* FirstViewController.swift */,
				F987196F204C4E5D006F6B5E /* FirstTableViewCell.swift */,
				F987196D204C4D4C006F6B5E /* FirstTableViewController.swift */,
				F9871963204AF296006F6B5E /* Course.swift */,
				F99B7FAE20478BDE00F82719 /* Main.storyboard */,
				F9871969204AFA07006F6B5E /* InputViewController.swift */,
				F9871967204AF602006F6B5E /* CourseTableViewController.swift */,
				F9871965204AF4DF006F6B5E /* CourseTableViewCell.swift */,
				F99B7FB120478BDE00F82719 /* Assets.xcassets */,
				F99B7FB320478BDE00F82719 /* LaunchScreen.storyboard */,
				F99B7FB620478BDE00F82719 /* Info.plist */,
			);
			path = Attempt1;
			sourceTree = "<group>";
		};
/* End PBXGroup section */

/* Begin PBXNativeTarget section */
		F99B7FA420478BDE00F82719 /* Attempt1 */ = {
			isa = PBXNativeTarget;
			buildConfigurationList = F99B7FB920478BDE00F82719 /* Build configuration list for PBXNativeTarget "Attempt1" */;
			buildPhases = (
				F99B7FA120478BDE00F82719 /* Sources */,
				F99B7FA220478BDE00F82719 /* Frameworks */,
				F99B7FA320478BDE00F82719 /* Resources */,
			);
			buildRules = (
			);
			dependencies = (
			);
			name = Attempt1;
			productName = Attempt1;
			productReference = F99B7FA520478BDE00F82719 /* Attempt1.app */;
			productType = "com.apple.product-type.application";
		};
/* End PBXNativeTarget section */

/* Begin PBXProject section */
		F99B7F9D20478BDE00F82719 /* Project object */ = {
			isa = PBXProject;
			attributes = {
				LastSwiftUpdateCheck = 0710;
				LastUpgradeCheck = 0710;
				ORGANIZATIONNAME = JonathanWang;
				TargetAttributes = {
					F99B7FA420478BDE00F82719 = {
						CreatedOnToolsVersion = 7.1;
						DevelopmentTeam = V2FBD67YG2;
					};
				};
			};
			buildConfigurationList = F99B7FA020478BDE00F82719 /* Build configuration list for PBXProject "Attempt1" */;
			compatibilityVersion = "Xcode 3.2";
			developmentRegion = English;
			hasScannedForEncodings = 0;
			knownRegions = (
				en,
				Base,
			);
			mainGroup = F99B7F9C20478BDE00F82719;
			productRefGroup = F99B7FA620478BDE00F82719 /* Products */;
			projectDirPath = "";
			projectRoot = "";
			targets = (
				F99B7FA420478BDE00F82719 /* Attempt1 */,
			);
		};
/* End PBXProject section */

/* Begin PBXResourcesBuildPhase section */
		F99B7FA320478BDE00F82719 /* Resources */ = {
			isa = PBXResourcesBuildPhase;
			buildActionMask = 2147483647;
			files = (
				F99B7FB520478BDE00F82719 /* LaunchScreen.storyboard in Resources */,
				F99B7FB220478BDE00F82719 /* Assets.xcassets in Resources */,
				F99B7FB020478BDE00F82719 /* Main.storyboard in Resources */,
			);
			runOnlyForDeploymentPostprocessing = 0;
		};
/* End PBXResourcesBuildPhase section */

/* Begin PBXSourcesBuildPhase section */
		F99B7FA120478BDE00F82719 /* Sources */ = {
			isa = PBXSourcesBuildPhase;
			buildActionMask = 2147483647;
			files = (
				F9871968204AF602006F6B5E /* CourseTableViewController.swift in Sources */,
				F9871966204AF4DF006F6B5E /* CourseTableViewCell.swift in Sources */,
				F9871964204AF296006F6B5E /* Course.swift in Sources */,
				F987196A204AFA07006F6B5E /* InputViewController.swift in Sources */,
				F99B7FA920478BDE00F82719 /* AppDelegate.swift in Sources */,
				F99B7FAB20478BDE00F82719 /* FirstViewController.swift in Sources */,
				F9871970204C4E5D006F6B5E /* FirstTableViewCell.swift in Sources */,
				F987196E204C4D4C006F6B5E /* FirstTableViewController.swift in Sources */,
			);
			runOnlyForDeploymentPostprocessing = 0;
		};
/* End PBXSourcesBuildPhase section */

/* Begin PBXVariantGroup section */
		F99B7FAE20478BDE00F82719 /* Main.storyboard */ = {
			isa = PBXVariantGroup;
			children = (
				F99B7FAF20478BDE00F82719 /* Base */,
			);
			name = Main.storyboard;
			sourceTree = "<group>";
		};
		F99B7FB320478BDE00F82719 /* LaunchScreen.storyboard */ = {
			isa = PBXVariantGroup;
			children = (
				F99B7FB420478BDE00F82719 /* Base */,
			);
			name = LaunchScreen.storyboard;
			sourceTree = "<group>";
		};
/* End PBXVariantGroup section */

/* Begin XCBuildConfiguration section */
		F99B7FB720478BDE00F82719 /* Debug */ = {
			isa = XCBuildConfiguration;
			buildSettings = {
				ALWAYS_SEARCH_USER_PATHS = NO;
				CLANG_CXX_LANGUAGE_STANDARD = "gnu++0x";
				CLANG_CXX_LIBRARY = "libc++";
				CLANG_ENABLE_MODULES = YES;
				CLANG_ENABLE_OBJC_ARC = YES;
				CLANG_WARN_BOOL_CONVERSION = YES;
				CLANG_WARN_CONSTANT_CONVERSION = YES;
				CLANG_WARN_DIRECT_OBJC_ISA_USAGE = YES_ERROR;
				CLANG_WARN_EMPTY_BODY = YES;
				CLANG_WARN_ENUM_CONVERSION = YES;
				CLANG_WARN_INT_CONVERSION = YES;
				CLANG_WARN_OBJC_ROOT_CLASS = YES_ERROR;
				CLANG_WARN_UNREACHABLE_CODE = YES;
				CLANG_WARN__DUPLICATE_METHOD_MATCH = YES;
				"CODE_SIGN_IDENTITY[sdk=iphoneos*]" = "iPhone Developer";
				COPY_PHASE_STRIP = NO;
				DEBUG_INFORMATION_FORMAT = dwarf;
				ENABLE_STRICT_OBJC_MSGSEND = YES;
				ENABLE_TESTABILITY = YES;
				GCC_C_LANGUAGE_STANDARD = gnu99;
				GCC_DYNAMIC_NO_PIC = NO;
				GCC_NO_COMMON_BLOCKS = YES;
				GCC_OPTIMIZATION_LEVEL = 0;
				GCC_PREPROCESSOR_DEFINITIONS = (
					"DEBUG=1",
					"$(inherited)",
				);
				GCC_WARN_64_TO_32_BIT_CONVERSION = YES;
				GCC_WARN_ABOUT_RETURN_TYPE = YES_ERROR;
				GCC_WARN_UNDECLARED_SELECTOR = YES;
				GCC_WARN_UNINITIALIZED_AUTOS = YES_AGGRESSIVE;
				GCC_WARN_UNUSED_FUNCTION = YES;
				GCC_WARN_UNUSED_VARIABLE = YES;
				IPHONEOS_DEPLOYMENT_TARGET = 9.1;
				MTL_ENABLE_DEBUG_INFO = YES;
				ONLY_ACTIVE_ARCH = YES;
				SDKROOT = iphoneos;
				SWIFT_OPTIMIZATION_LEVEL = "-Onone";
			};
			name = Debug;
		};
		F99B7FB820478BDE00F82719 /* Release */ = {
			isa = XCBuildConfiguration;
			buildSettings = {
				ALWAYS_SEARCH_USER_PATHS = NO;
				CLANG_CXX_LANGUAGE_STANDARD = "gnu++0x";
				CLANG_CXX_LIBRARY = "libc++";
				CLANG_ENABLE_MODULES = YES;
				CLANG_ENABLE_OBJC_ARC = YES;
				CLANG_WARN_BOOL_CONVERSION = YES;
				CLANG_WARN_CONSTANT_CONVERSION = YES;
				CLANG_WARN_DIRECT_OBJC_ISA_USAGE = YES_ERROR;
				CLANG_WARN_EMPTY_BODY = YES;
				CLANG_WARN_ENUM_CONVERSION = YES;
				CLANG_WARN_INT_CONVERSION = YES;
				CLANG_WARN_OBJC_ROOT_CLASS = YES_ERROR;
				CLANG_WARN_UNREACHABLE_CODE = YES;
				CLANG_WARN__DUPLICATE_METHOD_MATCH = YES;
				"CODE_SIGN_IDENTITY[sdk=iphoneos*]" = "iPhone Developer";
				COPY_PHASE_STRIP = NO;
				DEBUG_INFORMATION_FORMAT = "dwarf-with-dsym";
				ENABLE_NS_ASSERTIONS = NO;
				ENABLE_STRICT_OBJC_MSGSEND = YES;
				GCC_C_LANGUAGE_STANDARD = gnu99;
				GCC_NO_COMMON_BLOCKS = YES;
				GCC_WARN_64_TO_32_BIT_CONVERSION = YES;
				GCC_WARN_ABOUT_RETURN_TYPE = YES_ERROR;
				GCC_WARN_UNDECLARED_SELECTOR = YES;
				GCC_WARN_UNINITIALIZED_AUTOS = YES_AGGRESSIVE;
				GCC_WARN_UNUSED_FUNCTION = YES;
				GCC_WARN_UNUSED_VARIABLE = YES;
				IPHONEOS_DEPLOYMENT_TARGET = 9.1;
				MTL_ENABLE_DEBUG_INFO = NO;
				SDKROOT = iphoneos;
				VALIDATE_PRODUCT = YES;
			};
			name = Release;
		};
		F99B7FBA20478BDE00F82719 /* Debug */ = {
			isa = XCBuildConfiguration;
			buildSettings = {
				ASSETCATALOG_COMPILER_APPICON_NAME = AppIcon;
				CODE_SIGN_IDENTITY = "iPhone Developer";
				INFOPLIST_FILE = Attempt1/Info.plist;
				LD_RUNPATH_SEARCH_PATHS = "$(inherited) @executable_path/Frameworks";
				PRODUCT_BUNDLE_IDENTIFIER = com.JonathanWang.Attempt1;
				PRODUCT_NAME = "$(TARGET_NAME)";
				TARGETED_DEVICE_FAMILY = "1,2";
			};
			name = Debug;
		};
		F99B7FBB20478BDE00F82719 /* Release */ = {
			isa = XCBuildConfiguration;
			buildSettings = {
				ASSETCATALOG_COMPILER_APPICON_NAME = AppIcon;
				CODE_SIGN_IDENTITY = "iPhone Developer";
				INFOPLIST_FILE = Attempt1/Info.plist;
				LD_RUNPATH_SEARCH_PATHS = "$(inherited) @executable_path/Frameworks";
				PRODUCT_BUNDLE_IDENTIFIER = com.JonathanWang.Attempt1;
				PRODUCT_NAME = "$(TARGET_NAME)";
				TARGETED_DEVICE_FAMILY = "1,2";
			};
			name = Release;
		};
/* End XCBuildConfiguration section */

/* Begin XCConfigurationList section */
		F99B7FA020478BDE00F82719 /* Build configuration list for PBXProject "Attempt1" */ = {
			isa = XCConfigurationList;
			buildConfigurations = (
				F99B7FB720478BDE00F82719 /* Debug */,
				F99B7FB820478BDE00F82719 /* Release */,
			);
			defaultConfigurationIsVisible = 0;
			defaultConfigurationName = Release;
		};
		F99B7FB920478BDE00F82719 /* Build configuration list for PBXNativeTarget "Attempt1" */ = {
			isa = XCConfigurationList;
			buildConfigurations = (
				F99B7FBA20478BDE00F82719 /* Debug */,
				F99B7FBB20478BDE00F82719 /* Release */,
			);
			defaultConfigurationIsVisible = 0;
			defaultConfigurationName = Release;
		};
/* End XCConfigurationList section */
	};
	rootObject = F99B7F9D20478BDE00F82719 /* Project object */;
}
